// !$*UTF8*$!
{
	archiveVersion = 1;
	classes = {
	};
	objectVersion = 46;
	objects = {

/* Begin PBXBuildFile section */
		4AEAC1891D58CB9700A0EDEB /* AppDelegate.swift in Sources */ = {isa = PBXBuildFile; fileRef = 4AEAC1881D58CB9700A0EDEB /* AppDelegate.swift */; };
		4AEAC18E1D58CB9700A0EDEB /* Main.storyboard in Resources */ = {isa = PBXBuildFile; fileRef = 4AEAC18C1D58CB9700A0EDEB /* Main.storyboard */; };
		4AEAC1901D58CB9700A0EDEB /* Assets.xcassets in Resources */ = {isa = PBXBuildFile; fileRef = 4AEAC18F1D58CB9700A0EDEB /* Assets.xcassets */; };
		4AEAC1931D58CB9700A0EDEB /* LaunchScreen.storyboard in Resources */ = {isa = PBXBuildFile; fileRef = 4AEAC1911D58CB9700A0EDEB /* LaunchScreen.storyboard */; };
		4AEAC19B1D58CE1900A0EDEB /* MapViewController.swift in Sources */ = {isa = PBXBuildFile; fileRef = 4AEAC19A1D58CE1900A0EDEB /* MapViewController.swift */; };
		4AEAC19D1D58CF2C00A0EDEB /* TableViewController.swift in Sources */ = {isa = PBXBuildFile; fileRef = 4AEAC19C1D58CF2C00A0EDEB /* TableViewController.swift */; };
		4AEAC1A01D58D01900A0EDEB /* CoreLocation.framework in Frameworks */ = {isa = PBXBuildFile; fileRef = 4AEAC19F1D58D01900A0EDEB /* CoreLocation.framework */; };
/* End PBXBuildFile section */

/* Begin PBXFileReference section */
		4AEAC1851D58CB9700A0EDEB /* Memorable Places.app */ = {isa = PBXFileReference; explicitFileType = wrapper.application; includeInIndex = 0; path = "Memorable Places.app"; sourceTree = BUILT_PRODUCTS_DIR; };
		4AEAC1881D58CB9700A0EDEB /* AppDelegate.swift */ = {isa = PBXFileReference; lastKnownFileType = sourcecode.swift; path = AppDelegate.swift; sourceTree = "<group>"; };
		4AEAC18D1D58CB9700A0EDEB /* Base */ = {isa = PBXFileReference; lastKnownFileType = file.storyboard; name = Base; path = Base.lproj/Main.storyboard; sourceTree = "<group>"; };
		4AEAC18F1D58CB9700A0EDEB /* Assets.xcassets */ = {isa = PBXFileReference; lastKnownFileType = folder.assetcatalog; path = Assets.xcassets; sourceTree = "<group>"; };
		4AEAC1921D58CB9700A0EDEB /* Base */ = {isa = PBXFileReference; lastKnownFileType = file.storyboard; name = Base; path = Base.lproj/LaunchScreen.storyboard; sourceTree = "<group>"; };
		4AEAC1941D58CB9700A0EDEB /* Info.plist */ = {isa = PBXFileReference; lastKnownFileType = text.plist.xml; path = Info.plist; sourceTree = "<group>"; };
		4AEAC19A1D58CE1900A0EDEB /* MapViewController.swift */ = {isa = PBXFileReference; fileEncoding = 4; lastKnownFileType = sourcecode.swift; path = MapViewController.swift; sourceTree = "<group>"; };
		4AEAC19C1D58CF2C00A0EDEB /* TableViewController.swift */ = {isa = PBXFileReference; fileEncoding = 4; lastKnownFileType = sourcecode.swift; path = TableViewController.swift; sourceTree = "<group>"; };
		4AEAC19F1D58D01900A0EDEB /* CoreLocation.framework */ = {isa = PBXFileReference; lastKnownFileType = wrapper.framework; name = CoreLocation.framework; path = System/Library/Frameworks/CoreLocation.framework; sourceTree = SDKROOT; };
/* End PBXFileReference section */

/* Begin PBXFrameworksBuildPhase section */
		4AEAC1821D58CB9700A0EDEB /* Frameworks */ = {
			isa = PBXFrameworksBuildPhase;
			buildActionMask = 2147483647;
			files = (
				4AEAC1A01D58D01900A0EDEB /* CoreLocation.framework in Frameworks */,
			);
			runOnlyForDeploymentPostprocessing = 0;
		};
/* End PBXFrameworksBuildPhase section */

/* Begin PBXGroup section */
		4AEAC17C1D58CB9700A0EDEB = {
			isa = PBXGroup;
			children = (
				4AEAC1871D58CB9700A0EDEB /* Memorable Places */,
				4AEAC1861D58CB9700A0EDEB /* Products */,
				4AEAC19E1D58D01800A0EDEB /* Frameworks */,
			);
			sourceTree = "<group>";
		};
		4AEAC1861D58CB9700A0EDEB /* Products */ = {
			isa = PBXGroup;
			children = (
				4AEAC1851D58CB9700A0EDEB /* Memorable Places.app */,
			);
			name = Products;
			sourceTree = "<group>";
		};
		4AEAC1871D58CB9700A0EDEB /* Memorable Places */ = {
			isa = PBXGroup;
			children = (
				4AEAC1881D58CB9700A0EDEB /* AppDelegate.swift */,
				4AEAC19C1D58CF2C00A0EDEB /* TableViewController.swift */,
				4AEAC19A1D58CE1900A0EDEB /* MapViewController.swift */,
				4AEAC18C1D58CB9700A0EDEB /* Main.storyboard */,
				4AEAC18F1D58CB9700A0EDEB /* Assets.xcassets */,
				4AEAC1911D58CB9700A0EDEB /* LaunchScreen.storyboard */,
				4AEAC1941D58CB9700A0EDEB /* Info.plist */,
			);
			path = "Memorable Places";
			sourceTree = "<group>";
		};
		4AEAC19E1D58D01800A0EDEB /* Frameworks */ = {
			isa = PBXGroup;
			children = (
				4AEAC19F1D58D01900A0EDEB /* CoreLocation.framework */,
			);
			name = Frameworks;
			sourceTree = "<group>";
		};
/* End PBXGroup section */

/* Begin PBXNativeTarget section */
		4AEAC1841D58CB9700A0EDEB /* Memorable Places */ = {
			isa = PBXNativeTarget;
			buildConfigurationList = 4AEAC1971D58CB9700A0EDEB /* Build configuration list for PBXNativeTarget "Memorable Places" */;
			buildPhases = (
				4AEAC1811D58CB9700A0EDEB /* Sources */,
				4AEAC1821D58CB9700A0EDEB /* Frameworks */,
				4AEAC1831D58CB9700A0EDEB /* Resources */,
			);
			buildRules = (
			);
			dependencies = (
			);
			name = "Memorable Places";
			productName = "Memorable Places";
			productReference = 4AEAC1851D58CB9700A0EDEB /* Memorable Places.app */;
			productType = "com.apple.product-type.application";
		};
/* End PBXNativeTarget section */

/* Begin PBXProject section */
		4AEAC17D1D58CB9700A0EDEB /* Project object */ = {
			isa = PBXProject;
			attributes = {
				LastSwiftUpdateCheck = 0800;
				LastUpgradeCheck = 0800;
				ORGANIZATIONNAME = "CASTOVISION LIMITED";
				TargetAttributes = {
					4AEAC1841D58CB9700A0EDEB = {
						CreatedOnToolsVersion = 8.0;
						ProvisioningStyle = Automatic;
					};
				};
			};
			buildConfigurationList = 4AEAC1801D58CB9700A0EDEB /* Build configuration list for PBXProject "Memorable Places" */;
			compatibilityVersion = "Xcode 3.2";
			developmentRegion = English;
			hasScannedForEncodings = 0;
			knownRegions = (
				en,
				Base,
			);
			mainGroup = 4AEAC17C1D58CB9700A0EDEB;
			productRefGroup = 4AEAC1861D58CB9700A0EDEB /* Products */;
			projectDirPath = "";
			projectRoot = "";
			targets = (
				4AEAC1841D58CB9700A0EDEB /* Memorable Places */,
			);
		};
/* End PBXProject section */

/* Begin PBXResourcesBuildPhase section */
		4AEAC1831D58CB9700A0EDEB /* Resources */ = {
			isa = PBXResourcesBuildPhase;
			buildActionMask = 2147483647;
			files = (
				4AEAC1931D58CB9700A0EDEB /* LaunchScreen.storyboard in Resources */,
				4AEAC1901D58CB9700A0EDEB /* Assets.xcassets in Resources */,
				4AEAC18E1D58CB9700A0EDEB /* Main.storyboard in Resources */,
			);
			runOnlyForDeploymentPostprocessing = 0;
		};
/* End PBXResourcesBuildPhase section */

/* Begin PBXSourcesBuildPhase section */
		4AEAC1811D58CB9700A0EDEB /* Sources */ = {
			isa = PBXSourcesBuildPhase;
			buildActionMask = 2147483647;
			files = (
				4AEAC19B1D58CE1900A0EDEB /* MapViewController.swift in Sources */,
				4AEAC1891D58CB9700A0EDEB /* AppDelegate.swift in Sources */,
				4AEAC19D1D58CF2C00A0EDEB /* TableViewController.swift in Sources */,
			);
			runOnlyForDeploymentPostprocessing = 0;
		};
/* End PBXSourcesBuildPhase section */

/* Begin PBXVariantGroup section */
		4AEAC18C1D58CB9700A0EDEB /* Main.storyboard */ = {
			isa = PBXVariantGroup;
			children = (
				4AEAC18D1D58CB9700A0EDEB /* Base */,
			);
			name = Main.storyboard;
			sourceTree = "<group>";
		};
		4AEAC1911D58CB9700A0EDEB /* LaunchScreen.storyboard */ = {
			isa = PBXVariantGroup;
			children = (
				4AEAC1921D58CB9700A0EDEB /* Base */,
			);
			name = LaunchScreen.storyboard;
			sourceTree = "<group>";
		};
/* End PBXVariantGroup section */

/* Begin XCBuildConfiguration section */
		4AEAC1951D58CB9700A0EDEB /* Debug */ = {
			isa = XCBuildConfiguration;
			buildSettings = {
				ALWAYS_SEARCH_USER_PATHS = NO;
				CLANG_ANALYZER_NONNULL = YES;
				CLANG_CXX_LANGUAGE_STANDARD = "gnu++0x";
				CLANG_CXX_LIBRARY = "libc++";
				CLANG_ENABLE_MODULES = YES;
				CLANG_ENABLE_OBJC_ARC = YES;
				CLANG_WARN_BOOL_CONVERSION = YES;
				CLANG_WARN_CONSTANT_CONVERSION = YES;
				CLANG_WARN_DIRECT_OBJC_ISA_USAGE = YES_ERROR;
				CLANG_WARN_DOCUMENTATION_COMMENTS = YES;
				CLANG_WARN_EMPTY_BODY = YES;
				CLANG_WARN_ENUM_CONVERSION = YES;
				CLANG_WARN_INFINITE_RECURSION = YES;
				CLANG_WARN_INT_CONVERSION = YES;
				CLANG_WARN_OBJC_ROOT_CLASS = YES_ERROR;
				CLANG_WARN_SUSPICIOUS_MOVES = YES;
				CLANG_WARN_UNREACHABLE_CODE = YES;
				CLANG_WARN__DUPLICATE_METHOD_MATCH = YES;
				"CODE_SIGN_IDENTITY[sdk=iphoneos*]" = "iPhone Developer";
				COPY_PHASE_STRIP = NO;
				DEBUG_INFORMATION_FORMAT = dwarf;
				ENABLE_STRICT_OBJC_MSGSEND = YES;
				ENABLE_TESTABILITY = YES;
				GCC_C_LANGUAGE_STANDARD = gnu99;
				GCC_DYNAMIC_NO_PIC = NO;
				GCC_NO_COMMON_BLOCKS = YES;
				GCC_OPTIMIZATION_LEVEL = 0;
				GCC_PREPROCESSOR_DEFINITIONS = (
					"DEBUG=1",
					"$(inherited)",
				);
				GCC_WARN_64_TO_32_BIT_CONVERSION = YES;
				GCC_WARN_ABOUT_RETURN_TYPE = YES_ERROR;
				GCC_WARN_UNDECLARED_SELECTOR = YES;
				GCC_WARN_UNINITIALIZED_AUTOS = YES_AGGRESSIVE;
				GCC_WARN_UNUSED_FUNCTION = YES;
				GCC_WARN_UNUSED_VARIABLE = YES;
				IPHONEOS_DEPLOYMENT_TARGET = 10.0;
				MTL_ENABLE_DEBUG_INFO = YES;
				ONLY_ACTIVE_ARCH = YES;
				SDKROOT = iphoneos;
				SWIFT_ACTIVE_COMPILATION_CONDITIONS = DEBUG;
				SWIFT_OPTIMIZATION_LEVEL = "-Onone";
			};
			name = Debug;
		};
		4AEAC1961D58CB9700A0EDEB /* Release */ = {
			isa = XCBuildConfiguration;
			buildSettings = {
				ALWAYS_SEARCH_USER_PATHS = NO;
				CLANG_ANALYZER_NONNULL = YES;
				CLANG_CXX_LANGUAGE_STANDARD = "gnu++0x";
				CLANG_CXX_LIBRARY = "libc++";
				CLANG_ENABLE_MODULES = YES;
				CLANG_ENABLE_OBJC_ARC = YES;
				CLANG_WARN_BOOL_CONVERSION = YES;
				CLANG_WARN_CONSTANT_CONVERSION = YES;
				CLANG_WARN_DIRECT_OBJC_ISA_USAGE = YES_ERROR;
				CLANG_WARN_DOCUMENTATION_COMMENTS = YES;
				CLANG_WARN_EMPTY_BODY = YES;
				CLANG_WARN_ENUM_CONVERSION = YES;
				CLANG_WARN_INFINITE_RECURSION = YES;
				CLANG_WARN_INT_CONVERSION = YES;
				CLANG_WARN_OBJC_ROOT_CLASS = YES_ERROR;
				CLANG_WARN_SUSPICIOUS_MOVES = YES;
				CLANG_WARN_UNREACHABLE_CODE = YES;
				CLANG_WARN__DUPLICATE_METHOD_MATCH = YES;
				"CODE_SIGN_IDENTITY[sdk=iphoneos*]" = "iPhone Developer";
				COPY_PHASE_STRIP = NO;
				DEBUG_INFORMATION_FORMAT = "dwarf-with-dsym";
				ENABLE_NS_ASSERTIONS = NO;
				ENABLE_STRICT_OBJC_MSGSEND = YES;
				GCC_C_LANGUAGE_STANDARD = gnu99;
				GCC_NO_COMMON_BLOCKS = YES;
				GCC_WARN_64_TO_32_BIT_CONVERSION = YES;
				GCC_WARN_ABOUT_RETURN_TYPE = YES_ERROR;
				GCC_WARN_UNDECLARED_SELECTOR = YES;
				GCC_WARN_UNINITIALIZED_AUTOS = YES_AGGRESSIVE;
				GCC_WARN_UNUSED_FUNCTION = YES;
				GCC_WARN_UNUSED_VARIABLE = YES;
				IPHONEOS_DEPLOYMENT_TARGET = 10.0;
				MTL_ENABLE_DEBUG_INFO = NO;
				SDKROOT = iphoneos;
				SWIFT_OPTIMIZATION_LEVEL = "-Owholemodule";
				VALIDATE_PRODUCT = YES;
			};
			name = Release;
		};
		4AEAC1981D58CB9700A0EDEB /* Debug */ = {
			isa = XCBuildConfiguration;
			buildSettings = {
				ASSETCATALOG_COMPILER_APPICON_NAME = AppIcon;
				INFOPLIST_FILE = "Memorable Places/Info.plist";
				LD_RUNPATH_SEARCH_PATHS = "$(inherited) @executable_path/Frameworks";
				PRODUCT_BUNDLE_IDENTIFIER = "com.CASTOVISION-LIMITED.Memorable-Places";
				PRODUCT_NAME = "$(TARGET_NAME)";
				SWIFT_VERSION = 3.0;
			};
			name = Debug;
		};
		4AEAC1991D58CB9700A0EDEB /* Release */ = {
			isa = XCBuildConfiguration;
			buildSettings = {
				ASSETCATALOG_COMPILER_APPICON_NAME = AppIcon;
				INFOPLIST_FILE = "Memorable Places/Info.plist";
				LD_RUNPATH_SEARCH_PATHS = "$(inherited) @executable_path/Frameworks";
				PRODUCT_BUNDLE_IDENTIFIER = "com.CASTOVISION-LIMITED.Memorable-Places";
				PRODUCT_NAME = "$(TARGET_NAME)";
				SWIFT_VERSION = 3.0;
			};
			name = Release;
		};
/* End XCBuildConfiguration section */

/* Begin XCConfigurationList section */
		4AEAC1801D58CB9700A0EDEB /* Build configuration list for PBXProject "Memorable Places" */ = {
			isa = XCConfigurationList;
			buildConfigurations = (
				4AEAC1951D58CB9700A0EDEB /* Debug */,
				4AEAC1961D58CB9700A0EDEB /* Release */,
			);
			defaultConfigurationIsVisible = 0;
			defaultConfigurationName = Release;
		};
		4AEAC1971D58CB9700A0EDEB /* Build configuration list for PBXNativeTarget "Memorable Places" */ = {
			isa = XCConfigurationList;
			buildConfigurations = (
				4AEAC1981D58CB9700A0EDEB /* Debug */,
				4AEAC1991D58CB9700A0EDEB /* Release */,
			);
			defaultConfigurationIsVisible = 0;
		};
/* End XCConfigurationList section */
	};
	rootObject = 4AEAC17D1D58CB9700A0EDEB /* Project object */;
}
